
Microsoft Visual Studio Solution File, Format Version 12.00
# Visual Studio Version 17
VisualStudioVersion = 17.10.35122.118
MinimumVisualStudioVersion = 10.0.40219.1
Project("{FAE04EC0-301F-11D3-BF4B-00C04F79EFBC}") = "CoinGeckoApi", "CoinGeckoApi\CoinGeckoApi.csproj", "{4C474146-DFBB-423A-980E-DC04F1736564}"
EndProject
Global
	GlobalSection(SolutionConfigurationPlatforms) = preSolution
		Debug|Any CPU = Debug|Any CPU
		Release|Any CPU = Release|Any CPU
	EndGlobalSection
	GlobalSection(ProjectConfigurationPlatforms) = postSolution
		{4C474146-DFBB-423A-980E-DC04F1736564}.Debug|Any CPU.ActiveCfg = Debug|Any CPU
		{4C474146-DFBB-423A-980E-DC04F1736564}.Debug|Any CPU.Build.0 = Debug|Any CPU
		{4C474146-DFBB-423A-980E-DC04F1736564}.Release|Any CPU.ActiveCfg = Release|Any CPU
		{4C474146-DFBB-423A-980E-DC04F1736564}.Release|Any CPU.Build.0 = Release|Any CPU
	EndGlobalSection
	GlobalSection(SolutionProperties) = preSolution
		HideSolutionNode = FALSE
	EndGlobalSection
	GlobalSection(ExtensibilityGlobals) = postSolution
		SolutionGuid = {6E164528-3545-4F3A-99CC-E6DCF4D846A6}
	EndGlobalSection
EndGlobal
